
Microsoft Visual Studio Solution File, Format Version 12.00
# Visual Studio Version 17
VisualStudioVersion = 17.8.34330.188
MinimumVisualStudioVersion = 10.0.40219.1
Project("{FAE04EC0-301F-11D3-BF4B-00C04F79EFBC}") = "Calculator", "Calculator\Calculator.csproj", "{18B74AC2-F038-40D5-941A-BB1FDF66D323}"
EndProject
Global
	GlobalSection(SolutionConfigurationPlatforms) = preSolution
		Debug|Any CPU = Debug|Any CPU
		Release|Any CPU = Release|Any CPU
	EndGlobalSection
	GlobalSection(ProjectConfigurationPlatforms) = postSolution
		{18B74AC2-F038-40D5-941A-BB1FDF66D323}.Debug|Any CPU.ActiveCfg = Debug|Any CPU
		{18B74AC2-F038-40D5-941A-BB1FDF66D323}.Debug|Any CPU.Build.0 = Debug|Any CPU
		{18B74AC2-F038-40D5-941A-BB1FDF66D323}.Release|Any CPU.ActiveCfg = Release|Any CPU
		{18B74AC2-F038-40D5-941A-BB1FDF66D323}.Release|Any CPU.Build.0 = Release|Any CPU
	EndGlobalSection
	GlobalSection(SolutionProperties) = preSolution
		HideSolutionNode = FALSE
	EndGlobalSection
	GlobalSection(ExtensibilityGlobals) = postSolution
		SolutionGuid = {41E5F281-0A2D-4525-A30B-3C2870ECBCC7}
	EndGlobalSection
EndGlobal
